
Microsoft Visual Studio Solution File, Format Version 12.00
# Visual Studio Version 16
VisualStudioVersion = 16.0.29215.179
MinimumVisualStudioVersion = 10.0.40219.1
Project("{8BC9CEB8-8B4A-11D0-8D11-00A0C91BC942}") = "200327_2164_카드2", "200327_2164_카드2.vcxproj", "{3EA21217-4E0E-4C62-9398-A8027311FBF0}"
EndProject
Global
	GlobalSection(SolutionConfigurationPlatforms) = preSolution
		Debug|x64 = Debug|x64
		Debug|x86 = Debug|x86
		Release|x64 = Release|x64
		Release|x86 = Release|x86
	EndGlobalSection
	GlobalSection(ProjectConfigurationPlatforms) = postSolution
		{3EA21217-4E0E-4C62-9398-A8027311FBF0}.Debug|x64.ActiveCfg = Debug|x64
		{3EA21217-4E0E-4C62-9398-A8027311FBF0}.Debug|x64.Build.0 = Debug|x64
		{3EA21217-4E0E-4C62-9398-A8027311FBF0}.Debug|x86.ActiveCfg = Debug|Win32
		{3EA21217-4E0E-4C62-9398-A8027311FBF0}.Debug|x86.Build.0 = Debug|Win32
		{3EA21217-4E0E-4C62-9398-A8027311FBF0}.Release|x64.ActiveCfg = Release|x64
		{3EA21217-4E0E-4C62-9398-A8027311FBF0}.Release|x64.Build.0 = Release|x64
		{3EA21217-4E0E-4C62-9398-A8027311FBF0}.Release|x86.ActiveCfg = Release|Win32
		{3EA21217-4E0E-4C62-9398-A8027311FBF0}.Release|x86.Build.0 = Release|Win32
	EndGlobalSection
	GlobalSection(SolutionProperties) = preSolution
		HideSolutionNode = FALSE
	EndGlobalSection
	GlobalSection(ExtensibilityGlobals) = postSolution
		SolutionGuid = {BDB75943-9690-4FB9-9F94-4D5A2F68FD09}
	EndGlobalSection
EndGlobal
