
Microsoft Visual Studio Solution File, Format Version 12.00
# Visual Studio Version 16
VisualStudioVersion = 16.0.29215.179
MinimumVisualStudioVersion = 10.0.40219.1
Project("{8BC9CEB8-8B4A-11D0-8D11-00A0C91BC942}") = "200425_5525_IOIOI", "200425_5525_IOIOI.vcxproj", "{50DB8AEA-F306-4E91-87CB-AA03A94DF9B6}"
EndProject
Global
	GlobalSection(SolutionConfigurationPlatforms) = preSolution
		Debug|x64 = Debug|x64
		Debug|x86 = Debug|x86
		Release|x64 = Release|x64
		Release|x86 = Release|x86
	EndGlobalSection
	GlobalSection(ProjectConfigurationPlatforms) = postSolution
		{50DB8AEA-F306-4E91-87CB-AA03A94DF9B6}.Debug|x64.ActiveCfg = Debug|x64
		{50DB8AEA-F306-4E91-87CB-AA03A94DF9B6}.Debug|x64.Build.0 = Debug|x64
		{50DB8AEA-F306-4E91-87CB-AA03A94DF9B6}.Debug|x86.ActiveCfg = Debug|Win32
		{50DB8AEA-F306-4E91-87CB-AA03A94DF9B6}.Debug|x86.Build.0 = Debug|Win32
		{50DB8AEA-F306-4E91-87CB-AA03A94DF9B6}.Release|x64.ActiveCfg = Release|x64
		{50DB8AEA-F306-4E91-87CB-AA03A94DF9B6}.Release|x64.Build.0 = Release|x64
		{50DB8AEA-F306-4E91-87CB-AA03A94DF9B6}.Release|x86.ActiveCfg = Release|Win32
		{50DB8AEA-F306-4E91-87CB-AA03A94DF9B6}.Release|x86.Build.0 = Release|Win32
	EndGlobalSection
	GlobalSection(SolutionProperties) = preSolution
		HideSolutionNode = FALSE
	EndGlobalSection
	GlobalSection(ExtensibilityGlobals) = postSolution
		SolutionGuid = {6BF17525-FC5B-4A31-82F5-67740C14409F}
	EndGlobalSection
EndGlobal
