
Microsoft Visual Studio Solution File, Format Version 12.00
# Visual Studio Version 16
VisualStudioVersion = 16.0.29215.179
MinimumVisualStudioVersion = 10.0.40219.1
Project("{8BC9CEB8-8B4A-11D0-8D11-00A0C91BC942}") = "200716_3078_좋은 친구", "200716_3078_좋은 친구.vcxproj", "{4CF83AED-DDFA-435B-AB53-52A026CDC04C}"
EndProject
Global
	GlobalSection(SolutionConfigurationPlatforms) = preSolution
		Debug|x64 = Debug|x64
		Debug|x86 = Debug|x86
		Release|x64 = Release|x64
		Release|x86 = Release|x86
	EndGlobalSection
	GlobalSection(ProjectConfigurationPlatforms) = postSolution
		{4CF83AED-DDFA-435B-AB53-52A026CDC04C}.Debug|x64.ActiveCfg = Debug|x64
		{4CF83AED-DDFA-435B-AB53-52A026CDC04C}.Debug|x64.Build.0 = Debug|x64
		{4CF83AED-DDFA-435B-AB53-52A026CDC04C}.Debug|x86.ActiveCfg = Debug|Win32
		{4CF83AED-DDFA-435B-AB53-52A026CDC04C}.Debug|x86.Build.0 = Debug|Win32
		{4CF83AED-DDFA-435B-AB53-52A026CDC04C}.Release|x64.ActiveCfg = Release|x64
		{4CF83AED-DDFA-435B-AB53-52A026CDC04C}.Release|x64.Build.0 = Release|x64
		{4CF83AED-DDFA-435B-AB53-52A026CDC04C}.Release|x86.ActiveCfg = Release|Win32
		{4CF83AED-DDFA-435B-AB53-52A026CDC04C}.Release|x86.Build.0 = Release|Win32
	EndGlobalSection
	GlobalSection(SolutionProperties) = preSolution
		HideSolutionNode = FALSE
	EndGlobalSection
	GlobalSection(ExtensibilityGlobals) = postSolution
		SolutionGuid = {B3F7B090-2174-47AE-AA6B-E77E45DB16F4}
	EndGlobalSection
EndGlobal
