
Microsoft Visual Studio Solution File, Format Version 12.00
# Visual Studio Version 16
VisualStudioVersion = 16.0.29215.179
MinimumVisualStudioVersion = 10.0.40219.1
Project("{8BC9CEB8-8B4A-11D0-8D11-00A0C91BC942}") = "200412_1654_랜선 자르기", "200412_1654_랜선 자르기.vcxproj", "{044B990D-759A-482B-8F9D-2EF99BF021B1}"
EndProject
Global
	GlobalSection(SolutionConfigurationPlatforms) = preSolution
		Debug|x64 = Debug|x64
		Debug|x86 = Debug|x86
		Release|x64 = Release|x64
		Release|x86 = Release|x86
	EndGlobalSection
	GlobalSection(ProjectConfigurationPlatforms) = postSolution
		{044B990D-759A-482B-8F9D-2EF99BF021B1}.Debug|x64.ActiveCfg = Debug|x64
		{044B990D-759A-482B-8F9D-2EF99BF021B1}.Debug|x64.Build.0 = Debug|x64
		{044B990D-759A-482B-8F9D-2EF99BF021B1}.Debug|x86.ActiveCfg = Debug|Win32
		{044B990D-759A-482B-8F9D-2EF99BF021B1}.Debug|x86.Build.0 = Debug|Win32
		{044B990D-759A-482B-8F9D-2EF99BF021B1}.Release|x64.ActiveCfg = Release|x64
		{044B990D-759A-482B-8F9D-2EF99BF021B1}.Release|x64.Build.0 = Release|x64
		{044B990D-759A-482B-8F9D-2EF99BF021B1}.Release|x86.ActiveCfg = Release|Win32
		{044B990D-759A-482B-8F9D-2EF99BF021B1}.Release|x86.Build.0 = Release|Win32
	EndGlobalSection
	GlobalSection(SolutionProperties) = preSolution
		HideSolutionNode = FALSE
	EndGlobalSection
	GlobalSection(ExtensibilityGlobals) = postSolution
		SolutionGuid = {60EAE31F-00E9-48EC-9F14-BBFF09267C43}
	EndGlobalSection
EndGlobal
