
Microsoft Visual Studio Solution File, Format Version 12.00
# Visual Studio Version 16
VisualStudioVersion = 16.0.29215.179
MinimumVisualStudioVersion = 10.0.40219.1
Project("{8BC9CEB8-8B4A-11D0-8D11-00A0C91BC942}") = "200428_15650_N과 M(2)", "200428_15650_N과 M(2).vcxproj", "{7388BB93-45BC-47BF-99D3-9BBAC51B8EC4}"
EndProject
Global
	GlobalSection(SolutionConfigurationPlatforms) = preSolution
		Debug|x64 = Debug|x64
		Debug|x86 = Debug|x86
		Release|x64 = Release|x64
		Release|x86 = Release|x86
	EndGlobalSection
	GlobalSection(ProjectConfigurationPlatforms) = postSolution
		{7388BB93-45BC-47BF-99D3-9BBAC51B8EC4}.Debug|x64.ActiveCfg = Debug|x64
		{7388BB93-45BC-47BF-99D3-9BBAC51B8EC4}.Debug|x64.Build.0 = Debug|x64
		{7388BB93-45BC-47BF-99D3-9BBAC51B8EC4}.Debug|x86.ActiveCfg = Debug|Win32
		{7388BB93-45BC-47BF-99D3-9BBAC51B8EC4}.Debug|x86.Build.0 = Debug|Win32
		{7388BB93-45BC-47BF-99D3-9BBAC51B8EC4}.Release|x64.ActiveCfg = Release|x64
		{7388BB93-45BC-47BF-99D3-9BBAC51B8EC4}.Release|x64.Build.0 = Release|x64
		{7388BB93-45BC-47BF-99D3-9BBAC51B8EC4}.Release|x86.ActiveCfg = Release|Win32
		{7388BB93-45BC-47BF-99D3-9BBAC51B8EC4}.Release|x86.Build.0 = Release|Win32
	EndGlobalSection
	GlobalSection(SolutionProperties) = preSolution
		HideSolutionNode = FALSE
	EndGlobalSection
	GlobalSection(ExtensibilityGlobals) = postSolution
		SolutionGuid = {EBF93BB9-6442-4291-830C-C8023D8B1B5B}
	EndGlobalSection
EndGlobal
