
Microsoft Visual Studio Solution File, Format Version 12.00
# Visual Studio Version 16
VisualStudioVersion = 16.0.29215.179
MinimumVisualStudioVersion = 10.0.40219.1
Project("{8BC9CEB8-8B4A-11D0-8D11-00A0C91BC942}") = "200725_14681_사분면 고르기", "200725_14681_사분면 고르기.vcxproj", "{5DB71FFF-A97F-448B-AF16-B0EB82F58049}"
EndProject
Global
	GlobalSection(SolutionConfigurationPlatforms) = preSolution
		Debug|x64 = Debug|x64
		Debug|x86 = Debug|x86
		Release|x64 = Release|x64
		Release|x86 = Release|x86
	EndGlobalSection
	GlobalSection(ProjectConfigurationPlatforms) = postSolution
		{5DB71FFF-A97F-448B-AF16-B0EB82F58049}.Debug|x64.ActiveCfg = Debug|x64
		{5DB71FFF-A97F-448B-AF16-B0EB82F58049}.Debug|x64.Build.0 = Debug|x64
		{5DB71FFF-A97F-448B-AF16-B0EB82F58049}.Debug|x86.ActiveCfg = Debug|Win32
		{5DB71FFF-A97F-448B-AF16-B0EB82F58049}.Debug|x86.Build.0 = Debug|Win32
		{5DB71FFF-A97F-448B-AF16-B0EB82F58049}.Release|x64.ActiveCfg = Release|x64
		{5DB71FFF-A97F-448B-AF16-B0EB82F58049}.Release|x64.Build.0 = Release|x64
		{5DB71FFF-A97F-448B-AF16-B0EB82F58049}.Release|x86.ActiveCfg = Release|Win32
		{5DB71FFF-A97F-448B-AF16-B0EB82F58049}.Release|x86.Build.0 = Release|Win32
	EndGlobalSection
	GlobalSection(SolutionProperties) = preSolution
		HideSolutionNode = FALSE
	EndGlobalSection
	GlobalSection(ExtensibilityGlobals) = postSolution
		SolutionGuid = {4322EBCA-C0C4-469A-BF36-61C35F72D780}
	EndGlobalSection
EndGlobal
