
Microsoft Visual Studio Solution File, Format Version 12.00
# Visual Studio Version 16
VisualStudioVersion = 16.0.29215.179
MinimumVisualStudioVersion = 10.0.40219.1
Project("{8BC9CEB8-8B4A-11D0-8D11-00A0C91BC942}") = "200531_14716_현수막", "200531_14716_현수막.vcxproj", "{31E955D5-B724-4C3D-9B4D-4A0FD512E950}"
EndProject
Global
	GlobalSection(SolutionConfigurationPlatforms) = preSolution
		Debug|x64 = Debug|x64
		Debug|x86 = Debug|x86
		Release|x64 = Release|x64
		Release|x86 = Release|x86
	EndGlobalSection
	GlobalSection(ProjectConfigurationPlatforms) = postSolution
		{31E955D5-B724-4C3D-9B4D-4A0FD512E950}.Debug|x64.ActiveCfg = Debug|x64
		{31E955D5-B724-4C3D-9B4D-4A0FD512E950}.Debug|x64.Build.0 = Debug|x64
		{31E955D5-B724-4C3D-9B4D-4A0FD512E950}.Debug|x86.ActiveCfg = Debug|Win32
		{31E955D5-B724-4C3D-9B4D-4A0FD512E950}.Debug|x86.Build.0 = Debug|Win32
		{31E955D5-B724-4C3D-9B4D-4A0FD512E950}.Release|x64.ActiveCfg = Release|x64
		{31E955D5-B724-4C3D-9B4D-4A0FD512E950}.Release|x64.Build.0 = Release|x64
		{31E955D5-B724-4C3D-9B4D-4A0FD512E950}.Release|x86.ActiveCfg = Release|Win32
		{31E955D5-B724-4C3D-9B4D-4A0FD512E950}.Release|x86.Build.0 = Release|Win32
	EndGlobalSection
	GlobalSection(SolutionProperties) = preSolution
		HideSolutionNode = FALSE
	EndGlobalSection
	GlobalSection(ExtensibilityGlobals) = postSolution
		SolutionGuid = {203217EC-ABE5-44ED-A06C-3C3F719DD245}
	EndGlobalSection
EndGlobal
