
Microsoft Visual Studio Solution File, Format Version 12.00
# Visual Studio Version 16
VisualStudioVersion = 16.0.29215.179
MinimumVisualStudioVersion = 10.0.40219.1
Project("{8BC9CEB8-8B4A-11D0-8D11-00A0C91BC942}") = "200522_11660_구간 합 구하기 5", "200522_11660_구간 합 구하기 5.vcxproj", "{B4091148-A2DD-456E-BE82-3F5FFD2DF7E1}"
EndProject
Global
	GlobalSection(SolutionConfigurationPlatforms) = preSolution
		Debug|x64 = Debug|x64
		Debug|x86 = Debug|x86
		Release|x64 = Release|x64
		Release|x86 = Release|x86
	EndGlobalSection
	GlobalSection(ProjectConfigurationPlatforms) = postSolution
		{B4091148-A2DD-456E-BE82-3F5FFD2DF7E1}.Debug|x64.ActiveCfg = Debug|x64
		{B4091148-A2DD-456E-BE82-3F5FFD2DF7E1}.Debug|x64.Build.0 = Debug|x64
		{B4091148-A2DD-456E-BE82-3F5FFD2DF7E1}.Debug|x86.ActiveCfg = Debug|Win32
		{B4091148-A2DD-456E-BE82-3F5FFD2DF7E1}.Debug|x86.Build.0 = Debug|Win32
		{B4091148-A2DD-456E-BE82-3F5FFD2DF7E1}.Release|x64.ActiveCfg = Release|x64
		{B4091148-A2DD-456E-BE82-3F5FFD2DF7E1}.Release|x64.Build.0 = Release|x64
		{B4091148-A2DD-456E-BE82-3F5FFD2DF7E1}.Release|x86.ActiveCfg = Release|Win32
		{B4091148-A2DD-456E-BE82-3F5FFD2DF7E1}.Release|x86.Build.0 = Release|Win32
	EndGlobalSection
	GlobalSection(SolutionProperties) = preSolution
		HideSolutionNode = FALSE
	EndGlobalSection
	GlobalSection(ExtensibilityGlobals) = postSolution
		SolutionGuid = {1A324765-9AF2-4C60-9DFA-D4CB7AC4E117}
	EndGlobalSection
EndGlobal
