
Microsoft Visual Studio Solution File, Format Version 12.00
# Visual Studio Version 16
VisualStudioVersion = 16.0.29215.179
MinimumVisualStudioVersion = 10.0.40219.1
Project("{8BC9CEB8-8B4A-11D0-8D11-00A0C91BC942}") = "200409_1520_내리막길", "200409_1520_내리막길.vcxproj", "{DB6A9B00-7AFA-452A-9952-9F29678D77C7}"
EndProject
Global
	GlobalSection(SolutionConfigurationPlatforms) = preSolution
		Debug|x64 = Debug|x64
		Debug|x86 = Debug|x86
		Release|x64 = Release|x64
		Release|x86 = Release|x86
	EndGlobalSection
	GlobalSection(ProjectConfigurationPlatforms) = postSolution
		{DB6A9B00-7AFA-452A-9952-9F29678D77C7}.Debug|x64.ActiveCfg = Debug|x64
		{DB6A9B00-7AFA-452A-9952-9F29678D77C7}.Debug|x64.Build.0 = Debug|x64
		{DB6A9B00-7AFA-452A-9952-9F29678D77C7}.Debug|x86.ActiveCfg = Debug|Win32
		{DB6A9B00-7AFA-452A-9952-9F29678D77C7}.Debug|x86.Build.0 = Debug|Win32
		{DB6A9B00-7AFA-452A-9952-9F29678D77C7}.Release|x64.ActiveCfg = Release|x64
		{DB6A9B00-7AFA-452A-9952-9F29678D77C7}.Release|x64.Build.0 = Release|x64
		{DB6A9B00-7AFA-452A-9952-9F29678D77C7}.Release|x86.ActiveCfg = Release|Win32
		{DB6A9B00-7AFA-452A-9952-9F29678D77C7}.Release|x86.Build.0 = Release|Win32
	EndGlobalSection
	GlobalSection(SolutionProperties) = preSolution
		HideSolutionNode = FALSE
	EndGlobalSection
	GlobalSection(ExtensibilityGlobals) = postSolution
		SolutionGuid = {0E061A1E-0CC3-4091-BC05-8474A54E5191}
	EndGlobalSection
EndGlobal
