
Microsoft Visual Studio Solution File, Format Version 12.00
# Visual Studio Version 16
VisualStudioVersion = 16.0.29215.179
MinimumVisualStudioVersion = 10.0.40219.1
Project("{8BC9CEB8-8B4A-11D0-8D11-00A0C91BC942}") = "200328_10845_큐", "200328_10845_큐.vcxproj", "{508FB44B-97DE-4851-811F-37E2E6F7348E}"
EndProject
Global
	GlobalSection(SolutionConfigurationPlatforms) = preSolution
		Debug|x64 = Debug|x64
		Debug|x86 = Debug|x86
		Release|x64 = Release|x64
		Release|x86 = Release|x86
	EndGlobalSection
	GlobalSection(ProjectConfigurationPlatforms) = postSolution
		{508FB44B-97DE-4851-811F-37E2E6F7348E}.Debug|x64.ActiveCfg = Debug|x64
		{508FB44B-97DE-4851-811F-37E2E6F7348E}.Debug|x64.Build.0 = Debug|x64
		{508FB44B-97DE-4851-811F-37E2E6F7348E}.Debug|x86.ActiveCfg = Debug|Win32
		{508FB44B-97DE-4851-811F-37E2E6F7348E}.Debug|x86.Build.0 = Debug|Win32
		{508FB44B-97DE-4851-811F-37E2E6F7348E}.Release|x64.ActiveCfg = Release|x64
		{508FB44B-97DE-4851-811F-37E2E6F7348E}.Release|x64.Build.0 = Release|x64
		{508FB44B-97DE-4851-811F-37E2E6F7348E}.Release|x86.ActiveCfg = Release|Win32
		{508FB44B-97DE-4851-811F-37E2E6F7348E}.Release|x86.Build.0 = Release|Win32
	EndGlobalSection
	GlobalSection(SolutionProperties) = preSolution
		HideSolutionNode = FALSE
	EndGlobalSection
	GlobalSection(ExtensibilityGlobals) = postSolution
		SolutionGuid = {DAE7DDCB-6ED1-4C17-BA81-56DC45785A04}
	EndGlobalSection
EndGlobal
