
Microsoft Visual Studio Solution File, Format Version 12.00
# Visual Studio Version 16
VisualStudioVersion = 16.0.29215.179
MinimumVisualStudioVersion = 10.0.40219.1
Project("{8BC9CEB8-8B4A-11D0-8D11-00A0C91BC942}") = "200525_1238_파티", "200525_1238_파티.vcxproj", "{8A306A7E-5513-45B9-A909-6C3B62AE529D}"
EndProject
Global
	GlobalSection(SolutionConfigurationPlatforms) = preSolution
		Debug|x64 = Debug|x64
		Debug|x86 = Debug|x86
		Release|x64 = Release|x64
		Release|x86 = Release|x86
	EndGlobalSection
	GlobalSection(ProjectConfigurationPlatforms) = postSolution
		{8A306A7E-5513-45B9-A909-6C3B62AE529D}.Debug|x64.ActiveCfg = Debug|x64
		{8A306A7E-5513-45B9-A909-6C3B62AE529D}.Debug|x64.Build.0 = Debug|x64
		{8A306A7E-5513-45B9-A909-6C3B62AE529D}.Debug|x86.ActiveCfg = Debug|Win32
		{8A306A7E-5513-45B9-A909-6C3B62AE529D}.Debug|x86.Build.0 = Debug|Win32
		{8A306A7E-5513-45B9-A909-6C3B62AE529D}.Release|x64.ActiveCfg = Release|x64
		{8A306A7E-5513-45B9-A909-6C3B62AE529D}.Release|x64.Build.0 = Release|x64
		{8A306A7E-5513-45B9-A909-6C3B62AE529D}.Release|x86.ActiveCfg = Release|Win32
		{8A306A7E-5513-45B9-A909-6C3B62AE529D}.Release|x86.Build.0 = Release|Win32
	EndGlobalSection
	GlobalSection(SolutionProperties) = preSolution
		HideSolutionNode = FALSE
	EndGlobalSection
	GlobalSection(ExtensibilityGlobals) = postSolution
		SolutionGuid = {828F49BB-1C56-4700-B5CA-FF67B2EDFF0C}
	EndGlobalSection
EndGlobal
