
Microsoft Visual Studio Solution File, Format Version 12.00
# Visual Studio Version 16
VisualStudioVersion = 16.0.29215.179
MinimumVisualStudioVersion = 10.0.40219.1
Project("{8BC9CEB8-8B4A-11D0-8D11-00A0C91BC942}") = "200422_1276_교각 놓기", "200422_1276_교각 놓기.vcxproj", "{8B2FF722-47E6-4CDD-8D9A-6BDC15F5C7DD}"
EndProject
Global
	GlobalSection(SolutionConfigurationPlatforms) = preSolution
		Debug|x64 = Debug|x64
		Debug|x86 = Debug|x86
		Release|x64 = Release|x64
		Release|x86 = Release|x86
	EndGlobalSection
	GlobalSection(ProjectConfigurationPlatforms) = postSolution
		{8B2FF722-47E6-4CDD-8D9A-6BDC15F5C7DD}.Debug|x64.ActiveCfg = Debug|x64
		{8B2FF722-47E6-4CDD-8D9A-6BDC15F5C7DD}.Debug|x64.Build.0 = Debug|x64
		{8B2FF722-47E6-4CDD-8D9A-6BDC15F5C7DD}.Debug|x86.ActiveCfg = Debug|Win32
		{8B2FF722-47E6-4CDD-8D9A-6BDC15F5C7DD}.Debug|x86.Build.0 = Debug|Win32
		{8B2FF722-47E6-4CDD-8D9A-6BDC15F5C7DD}.Release|x64.ActiveCfg = Release|x64
		{8B2FF722-47E6-4CDD-8D9A-6BDC15F5C7DD}.Release|x64.Build.0 = Release|x64
		{8B2FF722-47E6-4CDD-8D9A-6BDC15F5C7DD}.Release|x86.ActiveCfg = Release|Win32
		{8B2FF722-47E6-4CDD-8D9A-6BDC15F5C7DD}.Release|x86.Build.0 = Release|Win32
	EndGlobalSection
	GlobalSection(SolutionProperties) = preSolution
		HideSolutionNode = FALSE
	EndGlobalSection
	GlobalSection(ExtensibilityGlobals) = postSolution
		SolutionGuid = {DDCE5242-6FE9-4908-9825-CECC63268C9D}
	EndGlobalSection
EndGlobal
