
Microsoft Visual Studio Solution File, Format Version 12.00
# Visual Studio Version 16
VisualStudioVersion = 16.0.29215.179
MinimumVisualStudioVersion = 10.0.40219.1
Project("{8BC9CEB8-8B4A-11D0-8D11-00A0C91BC942}") = "200628_12852_1로 만들기 2", "200628_12852_1로 만들기 2.vcxproj", "{12AD5B31-2A0A-4450-AAB4-EEE7B0935C65}"
EndProject
Global
	GlobalSection(SolutionConfigurationPlatforms) = preSolution
		Debug|x64 = Debug|x64
		Debug|x86 = Debug|x86
		Release|x64 = Release|x64
		Release|x86 = Release|x86
	EndGlobalSection
	GlobalSection(ProjectConfigurationPlatforms) = postSolution
		{12AD5B31-2A0A-4450-AAB4-EEE7B0935C65}.Debug|x64.ActiveCfg = Debug|x64
		{12AD5B31-2A0A-4450-AAB4-EEE7B0935C65}.Debug|x64.Build.0 = Debug|x64
		{12AD5B31-2A0A-4450-AAB4-EEE7B0935C65}.Debug|x86.ActiveCfg = Debug|Win32
		{12AD5B31-2A0A-4450-AAB4-EEE7B0935C65}.Debug|x86.Build.0 = Debug|Win32
		{12AD5B31-2A0A-4450-AAB4-EEE7B0935C65}.Release|x64.ActiveCfg = Release|x64
		{12AD5B31-2A0A-4450-AAB4-EEE7B0935C65}.Release|x64.Build.0 = Release|x64
		{12AD5B31-2A0A-4450-AAB4-EEE7B0935C65}.Release|x86.ActiveCfg = Release|Win32
		{12AD5B31-2A0A-4450-AAB4-EEE7B0935C65}.Release|x86.Build.0 = Release|Win32
	EndGlobalSection
	GlobalSection(SolutionProperties) = preSolution
		HideSolutionNode = FALSE
	EndGlobalSection
	GlobalSection(ExtensibilityGlobals) = postSolution
		SolutionGuid = {19F81801-3101-4FE6-808A-4402CEA6203F}
	EndGlobalSection
EndGlobal
