
Microsoft Visual Studio Solution File, Format Version 12.00
# Visual Studio Version 16
VisualStudioVersion = 16.0.29215.179
MinimumVisualStudioVersion = 10.0.40219.1
Project("{8BC9CEB8-8B4A-11D0-8D11-00A0C91BC942}") = "200423_1197_최소 스패닝 트리", "200423_1197_최소 스패닝 트리.vcxproj", "{91BB09C5-EDE8-4DF4-9F26-541B7D21F3E2}"
EndProject
Global
	GlobalSection(SolutionConfigurationPlatforms) = preSolution
		Debug|x64 = Debug|x64
		Debug|x86 = Debug|x86
		Release|x64 = Release|x64
		Release|x86 = Release|x86
	EndGlobalSection
	GlobalSection(ProjectConfigurationPlatforms) = postSolution
		{91BB09C5-EDE8-4DF4-9F26-541B7D21F3E2}.Debug|x64.ActiveCfg = Debug|x64
		{91BB09C5-EDE8-4DF4-9F26-541B7D21F3E2}.Debug|x64.Build.0 = Debug|x64
		{91BB09C5-EDE8-4DF4-9F26-541B7D21F3E2}.Debug|x86.ActiveCfg = Debug|Win32
		{91BB09C5-EDE8-4DF4-9F26-541B7D21F3E2}.Debug|x86.Build.0 = Debug|Win32
		{91BB09C5-EDE8-4DF4-9F26-541B7D21F3E2}.Release|x64.ActiveCfg = Release|x64
		{91BB09C5-EDE8-4DF4-9F26-541B7D21F3E2}.Release|x64.Build.0 = Release|x64
		{91BB09C5-EDE8-4DF4-9F26-541B7D21F3E2}.Release|x86.ActiveCfg = Release|Win32
		{91BB09C5-EDE8-4DF4-9F26-541B7D21F3E2}.Release|x86.Build.0 = Release|Win32
	EndGlobalSection
	GlobalSection(SolutionProperties) = preSolution
		HideSolutionNode = FALSE
	EndGlobalSection
	GlobalSection(ExtensibilityGlobals) = postSolution
		SolutionGuid = {7EA0FC58-B0B6-4E9A-A5CE-A0DE6EFF633A}
	EndGlobalSection
EndGlobal
