
Microsoft Visual Studio Solution File, Format Version 12.00
# Visual Studio Version 16
VisualStudioVersion = 16.0.29215.179
MinimumVisualStudioVersion = 10.0.40219.1
Project("{8BC9CEB8-8B4A-11D0-8D11-00A0C91BC942}") = "200508_9020_골드바흐의 추측", "200508_9020_골드바흐의 추측.vcxproj", "{A0812CE9-EF23-4CB0-8EDC-31842EAFDDA6}"
EndProject
Global
	GlobalSection(SolutionConfigurationPlatforms) = preSolution
		Debug|x64 = Debug|x64
		Debug|x86 = Debug|x86
		Release|x64 = Release|x64
		Release|x86 = Release|x86
	EndGlobalSection
	GlobalSection(ProjectConfigurationPlatforms) = postSolution
		{A0812CE9-EF23-4CB0-8EDC-31842EAFDDA6}.Debug|x64.ActiveCfg = Debug|x64
		{A0812CE9-EF23-4CB0-8EDC-31842EAFDDA6}.Debug|x64.Build.0 = Debug|x64
		{A0812CE9-EF23-4CB0-8EDC-31842EAFDDA6}.Debug|x86.ActiveCfg = Debug|Win32
		{A0812CE9-EF23-4CB0-8EDC-31842EAFDDA6}.Debug|x86.Build.0 = Debug|Win32
		{A0812CE9-EF23-4CB0-8EDC-31842EAFDDA6}.Release|x64.ActiveCfg = Release|x64
		{A0812CE9-EF23-4CB0-8EDC-31842EAFDDA6}.Release|x64.Build.0 = Release|x64
		{A0812CE9-EF23-4CB0-8EDC-31842EAFDDA6}.Release|x86.ActiveCfg = Release|Win32
		{A0812CE9-EF23-4CB0-8EDC-31842EAFDDA6}.Release|x86.Build.0 = Release|Win32
	EndGlobalSection
	GlobalSection(SolutionProperties) = preSolution
		HideSolutionNode = FALSE
	EndGlobalSection
	GlobalSection(ExtensibilityGlobals) = postSolution
		SolutionGuid = {02D00B67-5B2A-49D0-B607-8522AE01370B}
	EndGlobalSection
EndGlobal
