
Microsoft Visual Studio Solution File, Format Version 12.00
# Visual Studio Version 16
VisualStudioVersion = 16.0.29215.179
MinimumVisualStudioVersion = 10.0.40219.1
Project("{8BC9CEB8-8B4A-11D0-8D11-00A0C91BC942}") = "200624_15973_두박스", "200624_15973_두박스.vcxproj", "{4515DFC1-BE77-4DD7-B6AD-3302035A5299}"
EndProject
Global
	GlobalSection(SolutionConfigurationPlatforms) = preSolution
		Debug|x64 = Debug|x64
		Debug|x86 = Debug|x86
		Release|x64 = Release|x64
		Release|x86 = Release|x86
	EndGlobalSection
	GlobalSection(ProjectConfigurationPlatforms) = postSolution
		{4515DFC1-BE77-4DD7-B6AD-3302035A5299}.Debug|x64.ActiveCfg = Debug|x64
		{4515DFC1-BE77-4DD7-B6AD-3302035A5299}.Debug|x64.Build.0 = Debug|x64
		{4515DFC1-BE77-4DD7-B6AD-3302035A5299}.Debug|x86.ActiveCfg = Debug|Win32
		{4515DFC1-BE77-4DD7-B6AD-3302035A5299}.Debug|x86.Build.0 = Debug|Win32
		{4515DFC1-BE77-4DD7-B6AD-3302035A5299}.Release|x64.ActiveCfg = Release|x64
		{4515DFC1-BE77-4DD7-B6AD-3302035A5299}.Release|x64.Build.0 = Release|x64
		{4515DFC1-BE77-4DD7-B6AD-3302035A5299}.Release|x86.ActiveCfg = Release|Win32
		{4515DFC1-BE77-4DD7-B6AD-3302035A5299}.Release|x86.Build.0 = Release|Win32
	EndGlobalSection
	GlobalSection(SolutionProperties) = preSolution
		HideSolutionNode = FALSE
	EndGlobalSection
	GlobalSection(ExtensibilityGlobals) = postSolution
		SolutionGuid = {0649D623-7C24-4F53-9677-66D95A277E86}
	EndGlobalSection
EndGlobal
