
Microsoft Visual Studio Solution File, Format Version 12.00
# Visual Studio Version 16
VisualStudioVersion = 16.0.29215.179
MinimumVisualStudioVersion = 10.0.40219.1
Project("{8BC9CEB8-8B4A-11D0-8D11-00A0C91BC942}") = "200330_1259_펠린드롬수", "200330_1259_펠린드롬수.vcxproj", "{C6872291-BFCB-4BEC-9684-67F69B37A7D1}"
EndProject
Global
	GlobalSection(SolutionConfigurationPlatforms) = preSolution
		Debug|x64 = Debug|x64
		Debug|x86 = Debug|x86
		Release|x64 = Release|x64
		Release|x86 = Release|x86
	EndGlobalSection
	GlobalSection(ProjectConfigurationPlatforms) = postSolution
		{C6872291-BFCB-4BEC-9684-67F69B37A7D1}.Debug|x64.ActiveCfg = Debug|x64
		{C6872291-BFCB-4BEC-9684-67F69B37A7D1}.Debug|x64.Build.0 = Debug|x64
		{C6872291-BFCB-4BEC-9684-67F69B37A7D1}.Debug|x86.ActiveCfg = Debug|Win32
		{C6872291-BFCB-4BEC-9684-67F69B37A7D1}.Debug|x86.Build.0 = Debug|Win32
		{C6872291-BFCB-4BEC-9684-67F69B37A7D1}.Release|x64.ActiveCfg = Release|x64
		{C6872291-BFCB-4BEC-9684-67F69B37A7D1}.Release|x64.Build.0 = Release|x64
		{C6872291-BFCB-4BEC-9684-67F69B37A7D1}.Release|x86.ActiveCfg = Release|Win32
		{C6872291-BFCB-4BEC-9684-67F69B37A7D1}.Release|x86.Build.0 = Release|Win32
	EndGlobalSection
	GlobalSection(SolutionProperties) = preSolution
		HideSolutionNode = FALSE
	EndGlobalSection
	GlobalSection(ExtensibilityGlobals) = postSolution
		SolutionGuid = {345C70A0-3E04-4805-B84C-C947E16E6787}
	EndGlobalSection
EndGlobal
