
Microsoft Visual Studio Solution File, Format Version 12.00
# Visual Studio Version 16
VisualStudioVersion = 16.0.29215.179
MinimumVisualStudioVersion = 10.0.40219.1
Project("{8BC9CEB8-8B4A-11D0-8D11-00A0C91BC942}") = "200622_1019_책 페이지", "200622_1019_책 페이지.vcxproj", "{9922A747-EF88-4166-B062-9F245DECE6BE}"
EndProject
Global
	GlobalSection(SolutionConfigurationPlatforms) = preSolution
		Debug|x64 = Debug|x64
		Debug|x86 = Debug|x86
		Release|x64 = Release|x64
		Release|x86 = Release|x86
	EndGlobalSection
	GlobalSection(ProjectConfigurationPlatforms) = postSolution
		{9922A747-EF88-4166-B062-9F245DECE6BE}.Debug|x64.ActiveCfg = Debug|x64
		{9922A747-EF88-4166-B062-9F245DECE6BE}.Debug|x64.Build.0 = Debug|x64
		{9922A747-EF88-4166-B062-9F245DECE6BE}.Debug|x86.ActiveCfg = Debug|Win32
		{9922A747-EF88-4166-B062-9F245DECE6BE}.Debug|x86.Build.0 = Debug|Win32
		{9922A747-EF88-4166-B062-9F245DECE6BE}.Release|x64.ActiveCfg = Release|x64
		{9922A747-EF88-4166-B062-9F245DECE6BE}.Release|x64.Build.0 = Release|x64
		{9922A747-EF88-4166-B062-9F245DECE6BE}.Release|x86.ActiveCfg = Release|Win32
		{9922A747-EF88-4166-B062-9F245DECE6BE}.Release|x86.Build.0 = Release|Win32
	EndGlobalSection
	GlobalSection(SolutionProperties) = preSolution
		HideSolutionNode = FALSE
	EndGlobalSection
	GlobalSection(ExtensibilityGlobals) = postSolution
		SolutionGuid = {15970A76-44FB-488C-A332-ED5C90151615}
	EndGlobalSection
EndGlobal
