
Microsoft Visual Studio Solution File, Format Version 12.00
# Visual Studio Version 16
VisualStudioVersion = 16.0.29215.179
MinimumVisualStudioVersion = 10.0.40219.1
Project("{8BC9CEB8-8B4A-11D0-8D11-00A0C91BC942}") = "200522_18352_특정 거리의 도시 찾기", "200522_18352_특정 거리의 도시 찾기.vcxproj", "{D9C432D9-F09C-488C-B591-1ADD71A93E60}"
EndProject
Global
	GlobalSection(SolutionConfigurationPlatforms) = preSolution
		Debug|x64 = Debug|x64
		Debug|x86 = Debug|x86
		Release|x64 = Release|x64
		Release|x86 = Release|x86
	EndGlobalSection
	GlobalSection(ProjectConfigurationPlatforms) = postSolution
		{D9C432D9-F09C-488C-B591-1ADD71A93E60}.Debug|x64.ActiveCfg = Debug|x64
		{D9C432D9-F09C-488C-B591-1ADD71A93E60}.Debug|x64.Build.0 = Debug|x64
		{D9C432D9-F09C-488C-B591-1ADD71A93E60}.Debug|x86.ActiveCfg = Debug|Win32
		{D9C432D9-F09C-488C-B591-1ADD71A93E60}.Debug|x86.Build.0 = Debug|Win32
		{D9C432D9-F09C-488C-B591-1ADD71A93E60}.Release|x64.ActiveCfg = Release|x64
		{D9C432D9-F09C-488C-B591-1ADD71A93E60}.Release|x64.Build.0 = Release|x64
		{D9C432D9-F09C-488C-B591-1ADD71A93E60}.Release|x86.ActiveCfg = Release|Win32
		{D9C432D9-F09C-488C-B591-1ADD71A93E60}.Release|x86.Build.0 = Release|Win32
	EndGlobalSection
	GlobalSection(SolutionProperties) = preSolution
		HideSolutionNode = FALSE
	EndGlobalSection
	GlobalSection(ExtensibilityGlobals) = postSolution
		SolutionGuid = {49E36AE2-4619-4964-8B4B-59D8919CA0BC}
	EndGlobalSection
EndGlobal
