
Microsoft Visual Studio Solution File, Format Version 12.00
# Visual Studio Version 16
VisualStudioVersion = 16.0.29215.179
MinimumVisualStudioVersion = 10.0.40219.1
Project("{8BC9CEB8-8B4A-11D0-8D11-00A0C91BC942}") = "200526_9375_패션왕 신해빈", "200526_9375_패션왕 신해빈.vcxproj", "{A5B88951-E702-433D-9DC6-17C656946F9B}"
EndProject
Global
	GlobalSection(SolutionConfigurationPlatforms) = preSolution
		Debug|x64 = Debug|x64
		Debug|x86 = Debug|x86
		Release|x64 = Release|x64
		Release|x86 = Release|x86
	EndGlobalSection
	GlobalSection(ProjectConfigurationPlatforms) = postSolution
		{A5B88951-E702-433D-9DC6-17C656946F9B}.Debug|x64.ActiveCfg = Debug|x64
		{A5B88951-E702-433D-9DC6-17C656946F9B}.Debug|x64.Build.0 = Debug|x64
		{A5B88951-E702-433D-9DC6-17C656946F9B}.Debug|x86.ActiveCfg = Debug|Win32
		{A5B88951-E702-433D-9DC6-17C656946F9B}.Debug|x86.Build.0 = Debug|Win32
		{A5B88951-E702-433D-9DC6-17C656946F9B}.Release|x64.ActiveCfg = Release|x64
		{A5B88951-E702-433D-9DC6-17C656946F9B}.Release|x64.Build.0 = Release|x64
		{A5B88951-E702-433D-9DC6-17C656946F9B}.Release|x86.ActiveCfg = Release|Win32
		{A5B88951-E702-433D-9DC6-17C656946F9B}.Release|x86.Build.0 = Release|Win32
	EndGlobalSection
	GlobalSection(SolutionProperties) = preSolution
		HideSolutionNode = FALSE
	EndGlobalSection
	GlobalSection(ExtensibilityGlobals) = postSolution
		SolutionGuid = {89603C74-14D1-43AA-A5F7-DF063E00A66A}
	EndGlobalSection
EndGlobal
