
Microsoft Visual Studio Solution File, Format Version 12.00
# Visual Studio Version 16
VisualStudioVersion = 16.0.29215.179
MinimumVisualStudioVersion = 10.0.40219.1
Project("{8BC9CEB8-8B4A-11D0-8D11-00A0C91BC942}") = "200707_3015_오아시스 재결합", "200707_3015_오아시스 재결합.vcxproj", "{339FCCB8-FB29-40F9-BD7A-18353C5F324E}"
EndProject
Global
	GlobalSection(SolutionConfigurationPlatforms) = preSolution
		Debug|x64 = Debug|x64
		Debug|x86 = Debug|x86
		Release|x64 = Release|x64
		Release|x86 = Release|x86
	EndGlobalSection
	GlobalSection(ProjectConfigurationPlatforms) = postSolution
		{339FCCB8-FB29-40F9-BD7A-18353C5F324E}.Debug|x64.ActiveCfg = Debug|x64
		{339FCCB8-FB29-40F9-BD7A-18353C5F324E}.Debug|x64.Build.0 = Debug|x64
		{339FCCB8-FB29-40F9-BD7A-18353C5F324E}.Debug|x86.ActiveCfg = Debug|Win32
		{339FCCB8-FB29-40F9-BD7A-18353C5F324E}.Debug|x86.Build.0 = Debug|Win32
		{339FCCB8-FB29-40F9-BD7A-18353C5F324E}.Release|x64.ActiveCfg = Release|x64
		{339FCCB8-FB29-40F9-BD7A-18353C5F324E}.Release|x64.Build.0 = Release|x64
		{339FCCB8-FB29-40F9-BD7A-18353C5F324E}.Release|x86.ActiveCfg = Release|Win32
		{339FCCB8-FB29-40F9-BD7A-18353C5F324E}.Release|x86.Build.0 = Release|Win32
	EndGlobalSection
	GlobalSection(SolutionProperties) = preSolution
		HideSolutionNode = FALSE
	EndGlobalSection
	GlobalSection(ExtensibilityGlobals) = postSolution
		SolutionGuid = {F9952FC2-6A69-4B0A-BDC2-CE24C8A8F154}
	EndGlobalSection
EndGlobal
