
Microsoft Visual Studio Solution File, Format Version 12.00
# Visual Studio Version 16
VisualStudioVersion = 16.0.29215.179
MinimumVisualStudioVersion = 10.0.40219.1
Project("{8BC9CEB8-8B4A-11D0-8D11-00A0C91BC942}") = "200619_1107_리모컨", "200619_1107_리모컨.vcxproj", "{DD747D54-55EE-4C88-B3AE-DEDC0A76BDD0}"
EndProject
Global
	GlobalSection(SolutionConfigurationPlatforms) = preSolution
		Debug|x64 = Debug|x64
		Debug|x86 = Debug|x86
		Release|x64 = Release|x64
		Release|x86 = Release|x86
	EndGlobalSection
	GlobalSection(ProjectConfigurationPlatforms) = postSolution
		{DD747D54-55EE-4C88-B3AE-DEDC0A76BDD0}.Debug|x64.ActiveCfg = Debug|x64
		{DD747D54-55EE-4C88-B3AE-DEDC0A76BDD0}.Debug|x64.Build.0 = Debug|x64
		{DD747D54-55EE-4C88-B3AE-DEDC0A76BDD0}.Debug|x86.ActiveCfg = Debug|Win32
		{DD747D54-55EE-4C88-B3AE-DEDC0A76BDD0}.Debug|x86.Build.0 = Debug|Win32
		{DD747D54-55EE-4C88-B3AE-DEDC0A76BDD0}.Release|x64.ActiveCfg = Release|x64
		{DD747D54-55EE-4C88-B3AE-DEDC0A76BDD0}.Release|x64.Build.0 = Release|x64
		{DD747D54-55EE-4C88-B3AE-DEDC0A76BDD0}.Release|x86.ActiveCfg = Release|Win32
		{DD747D54-55EE-4C88-B3AE-DEDC0A76BDD0}.Release|x86.Build.0 = Release|Win32
	EndGlobalSection
	GlobalSection(SolutionProperties) = preSolution
		HideSolutionNode = FALSE
	EndGlobalSection
	GlobalSection(ExtensibilityGlobals) = postSolution
		SolutionGuid = {9A005CB0-7F92-4DF2-B0AB-2C43C990CEB0}
	EndGlobalSection
EndGlobal
