
Microsoft Visual Studio Solution File, Format Version 12.00
# Visual Studio Version 16
VisualStudioVersion = 16.0.29215.179
MinimumVisualStudioVersion = 10.0.40219.1
Project("{8BC9CEB8-8B4A-11D0-8D11-00A0C91BC942}") = "200409_9012_괄호", "200409_9012_괄호.vcxproj", "{972E5709-5303-4821-9722-F37DA313AF3A}"
EndProject
Global
	GlobalSection(SolutionConfigurationPlatforms) = preSolution
		Debug|x64 = Debug|x64
		Debug|x86 = Debug|x86
		Release|x64 = Release|x64
		Release|x86 = Release|x86
	EndGlobalSection
	GlobalSection(ProjectConfigurationPlatforms) = postSolution
		{972E5709-5303-4821-9722-F37DA313AF3A}.Debug|x64.ActiveCfg = Debug|x64
		{972E5709-5303-4821-9722-F37DA313AF3A}.Debug|x64.Build.0 = Debug|x64
		{972E5709-5303-4821-9722-F37DA313AF3A}.Debug|x86.ActiveCfg = Debug|Win32
		{972E5709-5303-4821-9722-F37DA313AF3A}.Debug|x86.Build.0 = Debug|Win32
		{972E5709-5303-4821-9722-F37DA313AF3A}.Release|x64.ActiveCfg = Release|x64
		{972E5709-5303-4821-9722-F37DA313AF3A}.Release|x64.Build.0 = Release|x64
		{972E5709-5303-4821-9722-F37DA313AF3A}.Release|x86.ActiveCfg = Release|Win32
		{972E5709-5303-4821-9722-F37DA313AF3A}.Release|x86.Build.0 = Release|Win32
	EndGlobalSection
	GlobalSection(SolutionProperties) = preSolution
		HideSolutionNode = FALSE
	EndGlobalSection
	GlobalSection(ExtensibilityGlobals) = postSolution
		SolutionGuid = {883F81D5-54E9-4766-B813-B68F2949AF98}
	EndGlobalSection
EndGlobal
