
Microsoft Visual Studio Solution File, Format Version 12.00
# Visual Studio Version 16
VisualStudioVersion = 16.0.29215.179
MinimumVisualStudioVersion = 10.0.40219.1
Project("{8BC9CEB8-8B4A-11D0-8D11-00A0C91BC942}") = "200325_10250_ACM호텔", "200325_10250_ACM호텔.vcxproj", "{B3EF5838-5D28-4F17-8562-FE67C0D15D22}"
EndProject
Global
	GlobalSection(SolutionConfigurationPlatforms) = preSolution
		Debug|x64 = Debug|x64
		Debug|x86 = Debug|x86
		Release|x64 = Release|x64
		Release|x86 = Release|x86
	EndGlobalSection
	GlobalSection(ProjectConfigurationPlatforms) = postSolution
		{B3EF5838-5D28-4F17-8562-FE67C0D15D22}.Debug|x64.ActiveCfg = Debug|x64
		{B3EF5838-5D28-4F17-8562-FE67C0D15D22}.Debug|x64.Build.0 = Debug|x64
		{B3EF5838-5D28-4F17-8562-FE67C0D15D22}.Debug|x86.ActiveCfg = Debug|Win32
		{B3EF5838-5D28-4F17-8562-FE67C0D15D22}.Debug|x86.Build.0 = Debug|Win32
		{B3EF5838-5D28-4F17-8562-FE67C0D15D22}.Release|x64.ActiveCfg = Release|x64
		{B3EF5838-5D28-4F17-8562-FE67C0D15D22}.Release|x64.Build.0 = Release|x64
		{B3EF5838-5D28-4F17-8562-FE67C0D15D22}.Release|x86.ActiveCfg = Release|Win32
		{B3EF5838-5D28-4F17-8562-FE67C0D15D22}.Release|x86.Build.0 = Release|Win32
	EndGlobalSection
	GlobalSection(SolutionProperties) = preSolution
		HideSolutionNode = FALSE
	EndGlobalSection
	GlobalSection(ExtensibilityGlobals) = postSolution
		SolutionGuid = {5E94BADD-AB0D-4FFC-916F-310827EAA9FC}
	EndGlobalSection
EndGlobal
